// !$*UTF8*$!
{
	archiveVersion = 1;
	classes = {
	};
	objectVersion = 46;
	objects = {

/* Begin PBXBuildFile section */
		822AA0D41F2431310051F7AB /* AppDelegate.swift in Sources */ = {isa = PBXBuildFile; fileRef = 822AA0D31F2431310051F7AB /* AppDelegate.swift */; };
		822AA0D61F2431310051F7AB /* ViewController.swift in Sources */ = {isa = PBXBuildFile; fileRef = 822AA0D51F2431310051F7AB /* ViewController.swift */; };
		822AA0D91F2431310051F7AB /* Main.storyboard in Resources */ = {isa = PBXBuildFile; fileRef = 822AA0D71F2431310051F7AB /* Main.storyboard */; };
		822AA0DB1F2431310051F7AB /* Assets.xcassets in Resources */ = {isa = PBXBuildFile; fileRef = 822AA0DA1F2431310051F7AB /* Assets.xcassets */; };
		822AA0DE1F2431310051F7AB /* LaunchScreen.storyboard in Resources */ = {isa = PBXBuildFile; fileRef = 822AA0DC1F2431310051F7AB /* LaunchScreen.storyboard */; };
/* End PBXBuildFile section */

/* Begin PBXFileReference section */
		822AA0D01F2431310051F7AB /* UIAlertController-23-07-2017.app */ = {isa = PBXFileReference; explicitFileType = wrapper.application; includeInIndex = 0; path = "UIAlertController-23-07-2017.app"; sourceTree = BUILT_PRODUCTS_DIR; };
		822AA0D31F2431310051F7AB /* AppDelegate.swift */ = {isa = PBXFileReference; lastKnownFileType = sourcecode.swift; path = AppDelegate.swift; sourceTree = "<group>"; };
		822AA0D51F2431310051F7AB /* ViewController.swift */ = {isa = PBXFileReference; lastKnownFileType = sourcecode.swift; path = ViewController.swift; sourceTree = "<group>"; };
		822AA0D81F2431310051F7AB /* Base */ = {isa = PBXFileReference; lastKnownFileType = file.storyboard; name = Base; path = Base.lproj/Main.storyboard; sourceTree = "<group>"; };
		822AA0DA1F2431310051F7AB /* Assets.xcassets */ = {isa = PBXFileReference; lastKnownFileType = folder.assetcatalog; path = Assets.xcassets; sourceTree = "<group>"; };
		822AA0DD1F2431310051F7AB /* Base */ = {isa = PBXFileReference; lastKnownFileType = file.storyboard; name = Base; path = Base.lproj/LaunchScreen.storyboard; sourceTree = "<group>"; };
		822AA0DF1F2431310051F7AB /* Info.plist */ = {isa = PBXFileReference; lastKnownFileType = text.plist.xml; path = Info.plist; sourceTree = "<group>"; };
/* End PBXFileReference section */

/* Begin PBXFrameworksBuildPhase section */
		822AA0CD1F2431310051F7AB /* Frameworks */ = {
			isa = PBXFrameworksBuildPhase;
			buildActionMask = 2147483647;
			files = (
			);
			runOnlyForDeploymentPostprocessing = 0;
		};
/* End PBXFrameworksBuildPhase section */

/* Begin PBXGroup section */
		822AA0C71F2431310051F7AB = {
			isa = PBXGroup;
			children = (
				822AA0D21F2431310051F7AB /* UIAlertController-23-07-2017 */,
				822AA0D11F2431310051F7AB /* Products */,
			);
			sourceTree = "<group>";
		};
		822AA0D11F2431310051F7AB /* Products */ = {
			isa = PBXGroup;
			children = (
				822AA0D01F2431310051F7AB /* UIAlertController-23-07-2017.app */,
			);
			name = Products;
			sourceTree = "<group>";
		};
		822AA0D21F2431310051F7AB /* UIAlertController-23-07-2017 */ = {
			isa = PBXGroup;
			children = (
				822AA0D31F2431310051F7AB /* AppDelegate.swift */,
				822AA0D51F2431310051F7AB /* ViewController.swift */,
				822AA0D71F2431310051F7AB /* Main.storyboard */,
				822AA0DA1F2431310051F7AB /* Assets.xcassets */,
				822AA0DC1F2431310051F7AB /* LaunchScreen.storyboard */,
				822AA0DF1F2431310051F7AB /* Info.plist */,
			);
			path = "UIAlertController-23-07-2017";
			sourceTree = "<group>";
		};
/* End PBXGroup section */

/* Begin PBXNativeTarget section */
		822AA0CF1F2431310051F7AB /* UIAlertController-23-07-2017 */ = {
			isa = PBXNativeTarget;
			buildConfigurationList = 822AA0E21F2431310051F7AB /* Build configuration list for PBXNativeTarget "UIAlertController-23-07-2017" */;
			buildPhases = (
				822AA0CC1F2431310051F7AB /* Sources */,
				822AA0CD1F2431310051F7AB /* Frameworks */,
				822AA0CE1F2431310051F7AB /* Resources */,
			);
			buildRules = (
			);
			dependencies = (
			);
			name = "UIAlertController-23-07-2017";
			productName = "UIAlertController-23-07-2017";
			productReference = 822AA0D01F2431310051F7AB /* UIAlertController-23-07-2017.app */;
			productType = "com.apple.product-type.application";
		};
/* End PBXNativeTarget section */

/* Begin PBXProject section */
		822AA0C81F2431310051F7AB /* Project object */ = {
			isa = PBXProject;
			attributes = {
				LastSwiftUpdateCheck = 0820;
				LastUpgradeCheck = 0820;
				ORGANIZATIONNAME = "Soeng Saravit";
				TargetAttributes = {
					822AA0CF1F2431310051F7AB = {
						CreatedOnToolsVersion = 8.2.1;
						DevelopmentTeam = TKR2QX32K8;
						ProvisioningStyle = Automatic;
					};
				};
			};
			buildConfigurationList = 822AA0CB1F2431310051F7AB /* Build configuration list for PBXProject "UIAlertController-23-07-2017" */;
			compatibilityVersion = "Xcode 3.2";
			developmentRegion = English;
			hasScannedForEncodings = 0;
			knownRegions = (
				en,
				Base,
			);
			mainGroup = 822AA0C71F2431310051F7AB;
			productRefGroup = 822AA0D11F2431310051F7AB /* Products */;
			projectDirPath = "";
			projectRoot = "";
			targets = (
				822AA0CF1F2431310051F7AB /* UIAlertController-23-07-2017 */,
			);
		};
/* End PBXProject section */

/* Begin PBXResourcesBuildPhase section */
		822AA0CE1F2431310051F7AB /* Resources */ = {
			isa = PBXResourcesBuildPhase;
			buildActionMask = 2147483647;
			files = (
				822AA0DE1F2431310051F7AB /* LaunchScreen.storyboard in Resources */,
				822AA0DB1F2431310051F7AB /* Assets.xcassets in Resources */,
				822AA0D91F2431310051F7AB /* Main.storyboard in Resources */,
			);
			runOnlyForDeploymentPostprocessing = 0;
		};
/* End PBXResourcesBuildPhase section */

/* Begin PBXSourcesBuildPhase section */
		822AA0CC1F2431310051F7AB /* Sources */ = {
			isa = PBXSourcesBuildPhase;
			buildActionMask = 2147483647;
			files = (
				822AA0D61F2431310051F7AB /* ViewController.swift in Sources */,
				822AA0D41F2431310051F7AB /* AppDelegate.swift in Sources */,
			);
			runOnlyForDeploymentPostprocessing = 0;
		};
/* End PBXSourcesBuildPhase section */

/* Begin PBXVariantGroup section */
		822AA0D71F2431310051F7AB /* Main.storyboard */ = {
			isa = PBXVariantGroup;
			children = (
				822AA0D81F2431310051F7AB /* Base */,
			);
			name = Main.storyboard;
			sourceTree = "<group>";
		};
		822AA0DC1F2431310051F7AB /* LaunchScreen.storyboard */ = {
			isa = PBXVariantGroup;
			children = (
				822AA0DD1F2431310051F7AB /* Base */,
			);
			name = LaunchScreen.storyboard;
			sourceTree = "<group>";
		};
/* End PBXVariantGroup section */

/* Begin XCBuildConfiguration section */
		822AA0E01F2431310051F7AB /* Debug */ = {
			isa = XCBuildConfiguration;
			buildSettings = {
				ALWAYS_SEARCH_USER_PATHS = NO;
				CLANG_ANALYZER_NONNULL = YES;
				CLANG_CXX_LANGUAGE_STANDARD = "gnu++0x";
				CLANG_CXX_LIBRARY = "libc++";
				CLANG_ENABLE_MODULES = YES;
				CLANG_ENABLE_OBJC_ARC = YES;
				CLANG_WARN_BOOL_CONVERSION = YES;
				CLANG_WARN_CONSTANT_CONVERSION = YES;
				CLANG_WARN_DIRECT_OBJC_ISA_USAGE = YES_ERROR;
				CLANG_WARN_DOCUMENTATION_COMMENTS = YES;
				CLANG_WARN_EMPTY_BODY = YES;
				CLANG_WARN_ENUM_CONVERSION = YES;
				CLANG_WARN_INFINITE_RECURSION = YES;
				CLANG_WARN_INT_CONVERSION = YES;
				CLANG_WARN_OBJC_ROOT_CLASS = YES_ERROR;
				CLANG_WARN_SUSPICIOUS_MOVE = YES;
				CLANG_WARN_UNREACHABLE_CODE = YES;
				CLANG_WARN__DUPLICATE_METHOD_MATCH = YES;
				"CODE_SIGN_IDENTITY[sdk=iphoneos*]" = "iPhone Developer";
				COPY_PHASE_STRIP = NO;
				DEBUG_INFORMATION_FORMAT = dwarf;
				ENABLE_STRICT_OBJC_MSGSEND = YES;
				ENABLE_TESTABILITY = YES;
				GCC_C_LANGUAGE_STANDARD = gnu99;
				GCC_DYNAMIC_NO_PIC = NO;
				GCC_NO_COMMON_BLOCKS = YES;
				GCC_OPTIMIZATION_LEVEL = 0;
				GCC_PREPROCESSOR_DEFINITIONS = (
					"DEBUG=1",
					"$(inherited)",
				);
				GCC_WARN_64_TO_32_BIT_CONVERSION = YES;
				GCC_WARN_ABOUT_RETURN_TYPE = YES_ERROR;
				GCC_WARN_UNDECLARED_SELECTOR = YES;
				GCC_WARN_UNINITIALIZED_AUTOS = YES_AGGRESSIVE;
				GCC_WARN_UNUSED_FUNCTION = YES;
				GCC_WARN_UNUSED_VARIABLE = YES;
				IPHONEOS_DEPLOYMENT_TARGET = 10.2;
				MTL_ENABLE_DEBUG_INFO = YES;
				ONLY_ACTIVE_ARCH = YES;
				SDKROOT = iphoneos;
				SWIFT_ACTIVE_COMPILATION_CONDITIONS = DEBUG;
				SWIFT_OPTIMIZATION_LEVEL = "-Onone";
			};
			name = Debug;
		};
		822AA0E11F2431310051F7AB /* Release */ = {
			isa = XCBuildConfiguration;
			buildSettings = {
				ALWAYS_SEARCH_USER_PATHS = NO;
				CLANG_ANALYZER_NONNULL = YES;
				CLANG_CXX_LANGUAGE_STANDARD = "gnu++0x";
				CLANG_CXX_LIBRARY = "libc++";
				CLANG_ENABLE_MODULES = YES;
				CLANG_ENABLE_OBJC_ARC = YES;
				CLANG_WARN_BOOL_CONVERSION = YES;
				CLANG_WARN_CONSTANT_CONVERSION = YES;
				CLANG_WARN_DIRECT_OBJC_ISA_USAGE = YES_ERROR;
				CLANG_WARN_DOCUMENTATION_COMMENTS = YES;
				CLANG_WARN_EMPTY_BODY = YES;
				CLANG_WARN_ENUM_CONVERSION = YES;
				CLANG_WARN_INFINITE_RECURSION = YES;
				CLANG_WARN_INT_CONVERSION = YES;
				CLANG_WARN_OBJC_ROOT_CLASS = YES_ERROR;
				CLANG_WARN_SUSPICIOUS_MOVE = YES;
				CLANG_WARN_UNREACHABLE_CODE = YES;
				CLANG_WARN__DUPLICATE_METHOD_MATCH = YES;
				"CODE_SIGN_IDENTITY[sdk=iphoneos*]" = "iPhone Developer";
				COPY_PHASE_STRIP = NO;
				DEBUG_INFORMATION_FORMAT = "dwarf-with-dsym";
				ENABLE_NS_ASSERTIONS = NO;
				ENABLE_STRICT_OBJC_MSGSEND = YES;
				GCC_C_LANGUAGE_STANDARD = gnu99;
				GCC_NO_COMMON_BLOCKS = YES;
				GCC_WARN_64_TO_32_BIT_CONVERSION = YES;
				GCC_WARN_ABOUT_RETURN_TYPE = YES_ERROR;
				GCC_WARN_UNDECLARED_SELECTOR = YES;
				GCC_WARN_UNINITIALIZED_AUTOS = YES_AGGRESSIVE;
				GCC_WARN_UNUSED_FUNCTION = YES;
				GCC_WARN_UNUSED_VARIABLE = YES;
				IPHONEOS_DEPLOYMENT_TARGET = 10.2;
				MTL_ENABLE_DEBUG_INFO = NO;
				SDKROOT = iphoneos;
				SWIFT_OPTIMIZATION_LEVEL = "-Owholemodule";
				VALIDATE_PRODUCT = YES;
			};
			name = Release;
		};
		822AA0E31F2431310051F7AB /* Debug */ = {
			isa = XCBuildConfiguration;
			buildSettings = {
				ASSETCATALOG_COMPILER_APPICON_NAME = AppIcon;
				DEVELOPMENT_TEAM = TKR2QX32K8;
				INFOPLIST_FILE = "UIAlertController-23-07-2017/Info.plist";
				LD_RUNPATH_SEARCH_PATHS = "$(inherited) @executable_path/Frameworks";
				PRODUCT_BUNDLE_IDENTIFIER = "com.hrd.UIAlertController-23-07-2017";
				PRODUCT_NAME = "$(TARGET_NAME)";
				SWIFT_VERSION = 3.0;
			};
			name = Debug;
		};
		822AA0E41F2431310051F7AB /* Release */ = {
			isa = XCBuildConfiguration;
			buildSettings = {
				ASSETCATALOG_COMPILER_APPICON_NAME = AppIcon;
				DEVELOPMENT_TEAM = TKR2QX32K8;
				INFOPLIST_FILE = "UIAlertController-23-07-2017/Info.plist";
				LD_RUNPATH_SEARCH_PATHS = "$(inherited) @executable_path/Frameworks";
				PRODUCT_BUNDLE_IDENTIFIER = "com.hrd.UIAlertController-23-07-2017";
				PRODUCT_NAME = "$(TARGET_NAME)";
				SWIFT_VERSION = 3.0;
			};
			name = Release;
		};
/* End XCBuildConfiguration section */

/* Begin XCConfigurationList section */
		822AA0CB1F2431310051F7AB /* Build configuration list for PBXProject "UIAlertController-23-07-2017" */ = {
			isa = XCConfigurationList;
			buildConfigurations = (
				822AA0E01F2431310051F7AB /* Debug */,
				822AA0E11F2431310051F7AB /* Release */,
			);
			defaultConfigurationIsVisible = 0;
			defaultConfigurationName = Release;
		};
		822AA0E21F2431310051F7AB /* Build configuration list for PBXNativeTarget "UIAlertController-23-07-2017" */ = {
			isa = XCConfigurationList;
			buildConfigurations = (
				822AA0E31F2431310051F7AB /* Debug */,
				822AA0E41F2431310051F7AB /* Release */,
			);
			defaultConfigurationIsVisible = 0;
		};
/* End XCConfigurationList section */
	};
	rootObject = 822AA0C81F2431310051F7AB /* Project object */;
}
